
Microsoft Visual Studio Solution File, Format Version 12.00
# Visual Studio 15
Project("{FAE04EC0-301F-11D3-BF4B-00C04F79EFBC}") = "UKSmartParking.iOS", "UKSmartParking.iOS.csproj", "{B0ADFBE5-8892-48A4-94E0-BF8AE19F1E4B}"
EndProject
Global
	GlobalSection(SolutionConfigurationPlatforms) = preSolution
		Debug|iPhoneSimulator = Debug|iPhoneSimulator
		Release|iPhoneSimulator = Release|iPhoneSimulator
		Debug|iPhone = Debug|iPhone
		Release|iPhone = Release|iPhone
	EndGlobalSection
	GlobalSection(ProjectConfigurationPlatforms) = postSolution
		{B0ADFBE5-8892-48A4-94E0-BF8AE19F1E4B}.Debug|iPhoneSimulator.ActiveCfg = Debug|iPhoneSimulator
		{B0ADFBE5-8892-48A4-94E0-BF8AE19F1E4B}.Debug|iPhoneSimulator.Build.0 = Debug|iPhoneSimulator
		{B0ADFBE5-8892-48A4-94E0-BF8AE19F1E4B}.Release|iPhoneSimulator.ActiveCfg = Release|iPhoneSimulator
		{B0ADFBE5-8892-48A4-94E0-BF8AE19F1E4B}.Release|iPhoneSimulator.Build.0 = Release|iPhoneSimulator
		{B0ADFBE5-8892-48A4-94E0-BF8AE19F1E4B}.Debug|iPhone.ActiveCfg = Debug|iPhone
		{B0ADFBE5-8892-48A4-94E0-BF8AE19F1E4B}.Debug|iPhone.Build.0 = Debug|iPhone
		{B0ADFBE5-8892-48A4-94E0-BF8AE19F1E4B}.Release|iPhone.ActiveCfg = Release|iPhone
		{B0ADFBE5-8892-48A4-94E0-BF8AE19F1E4B}.Release|iPhone.Build.0 = Release|iPhone
	EndGlobalSection
EndGlobal
