
Microsoft Visual Studio Solution File, Format Version 12.00
# Visual Studio 15
Project("{FAE04EC0-301F-11D3-BF4B-00C04F79EFBC}") = "UKSmartParking", "UKSmartParking\UKSmartParking.csproj", "{B5C040E2-393D-46A5-97EE-86F81964B6A4}"
EndProject
Project("{FAE04EC0-301F-11D3-BF4B-00C04F79EFBC}") = "UKSmartParking.iOS", "UKSmartParking.iOS\UKSmartParking.iOS.csproj", "{B0ADFBE5-8892-48A4-94E0-BF8AE19F1E4B}"
EndProject
Global
	GlobalSection(SolutionConfigurationPlatforms) = preSolution
		Debug|iPhoneSimulator = Debug|iPhoneSimulator
		Release|iPhoneSimulator = Release|iPhoneSimulator
		Debug|iPhone = Debug|iPhone
		Release|iPhone = Release|iPhone
		Debug|Any CPU = Debug|Any CPU
		Release|Any CPU = Release|Any CPU
	EndGlobalSection
	GlobalSection(ProjectConfigurationPlatforms) = postSolution
		{B5C040E2-393D-46A5-97EE-86F81964B6A4}.Debug|iPhoneSimulator.ActiveCfg = Debug|Any CPU
		{B5C040E2-393D-46A5-97EE-86F81964B6A4}.Debug|iPhoneSimulator.Build.0 = Debug|Any CPU
		{B5C040E2-393D-46A5-97EE-86F81964B6A4}.Release|iPhoneSimulator.ActiveCfg = Release|Any CPU
		{B5C040E2-393D-46A5-97EE-86F81964B6A4}.Release|iPhoneSimulator.Build.0 = Release|Any CPU
		{B5C040E2-393D-46A5-97EE-86F81964B6A4}.Debug|iPhone.ActiveCfg = Debug|Any CPU
		{B5C040E2-393D-46A5-97EE-86F81964B6A4}.Debug|iPhone.Build.0 = Debug|Any CPU
		{B5C040E2-393D-46A5-97EE-86F81964B6A4}.Release|iPhone.ActiveCfg = Release|Any CPU
		{B5C040E2-393D-46A5-97EE-86F81964B6A4}.Release|iPhone.Build.0 = Release|Any CPU
		{B5C040E2-393D-46A5-97EE-86F81964B6A4}.Debug|Any CPU.ActiveCfg = Debug|Any CPU
		{B5C040E2-393D-46A5-97EE-86F81964B6A4}.Debug|Any CPU.Build.0 = Debug|Any CPU
		{B5C040E2-393D-46A5-97EE-86F81964B6A4}.Release|Any CPU.ActiveCfg = Release|Any CPU
		{B5C040E2-393D-46A5-97EE-86F81964B6A4}.Release|Any CPU.Build.0 = Release|Any CPU
		{B0ADFBE5-8892-48A4-94E0-BF8AE19F1E4B}.Debug|iPhoneSimulator.ActiveCfg = Debug|iPhoneSimulator
		{B0ADFBE5-8892-48A4-94E0-BF8AE19F1E4B}.Debug|iPhoneSimulator.Build.0 = Debug|iPhoneSimulator
		{B0ADFBE5-8892-48A4-94E0-BF8AE19F1E4B}.Release|iPhoneSimulator.ActiveCfg = Release|iPhoneSimulator
		{B0ADFBE5-8892-48A4-94E0-BF8AE19F1E4B}.Release|iPhoneSimulator.Build.0 = Release|iPhoneSimulator
		{B0ADFBE5-8892-48A4-94E0-BF8AE19F1E4B}.Debug|iPhone.ActiveCfg = Debug|iPhone
		{B0ADFBE5-8892-48A4-94E0-BF8AE19F1E4B}.Debug|iPhone.Build.0 = Debug|iPhone
		{B0ADFBE5-8892-48A4-94E0-BF8AE19F1E4B}.Release|iPhone.ActiveCfg = Release|iPhone
		{B0ADFBE5-8892-48A4-94E0-BF8AE19F1E4B}.Release|iPhone.Build.0 = Release|iPhone
		{B0ADFBE5-8892-48A4-94E0-BF8AE19F1E4B}.Debug|Any CPU.ActiveCfg = Debug|iPhoneSimulator
		{B0ADFBE5-8892-48A4-94E0-BF8AE19F1E4B}.Debug|Any CPU.Build.0 = Debug|iPhoneSimulator
		{B0ADFBE5-8892-48A4-94E0-BF8AE19F1E4B}.Release|Any CPU.ActiveCfg = Release|iPhoneSimulator
		{B0ADFBE5-8892-48A4-94E0-BF8AE19F1E4B}.Release|Any CPU.Build.0 = Release|iPhoneSimulator
	EndGlobalSection
EndGlobal
